// !$*UTF8*$!
{
	archiveVersion = 1;
	classes = {
	};
	objectVersion = 50;
	objects = {

/* Begin PBXBuildFile section */
		090D923E21A5C2D800F92021 /* NewVC.swift in Sources */ = {isa = PBXBuildFile; fileRef = 090D923D21A5C2D800F92021 /* NewVC.swift */; };
		0915F659219DCDB300EE640E /* EditVC.swift in Sources */ = {isa = PBXBuildFile; fileRef = 0915F658219DCDB300EE640E /* EditVC.swift */; };
		092E221021998992008579CA /* Place.swift in Sources */ = {isa = PBXBuildFile; fileRef = 092E220F21998992008579CA /* Place.swift */; };
		092E221221998E67008579CA /* PlaceManager.swift in Sources */ = {isa = PBXBuildFile; fileRef = 092E221121998E67008579CA /* PlaceManager.swift */; };
		092E221621999652008579CA /* DetailVC.swift in Sources */ = {isa = PBXBuildFile; fileRef = 092E221521999652008579CA /* DetailVC.swift */; };
		092E2218219996CE008579CA /* TableVC.swift in Sources */ = {isa = PBXBuildFile; fileRef = 092E2217219996CE008579CA /* TableVC.swift */; };
		095945BF2199CB2300A414F7 /* PlaceCell.swift in Sources */ = {isa = PBXBuildFile; fileRef = 095945BE2199CB2300A414F7 /* PlaceCell.swift */; };
		098358E6219833C100503202 /* AppDelegate.swift in Sources */ = {isa = PBXBuildFile; fileRef = 098358E5219833C100503202 /* AppDelegate.swift */; };
		098358EB219833C100503202 /* Main.storyboard in Resources */ = {isa = PBXBuildFile; fileRef = 098358E9219833C100503202 /* Main.storyboard */; };
		098358EE219833C100503202 /* MyWorld.xcdatamodeld in Sources */ = {isa = PBXBuildFile; fileRef = 098358EC219833C100503202 /* MyWorld.xcdatamodeld */; };
		098358F0219833C200503202 /* Assets.xcassets in Resources */ = {isa = PBXBuildFile; fileRef = 098358EF219833C200503202 /* Assets.xcassets */; };
		098358F3219833C200503202 /* LaunchScreen.storyboard in Resources */ = {isa = PBXBuildFile; fileRef = 098358F1219833C200503202 /* LaunchScreen.storyboard */; };
		0996BC3421B9339200587609 /* TableVC+longPress.swift in Sources */ = {isa = PBXBuildFile; fileRef = 0996BC3321B9339200587609 /* TableVC+longPress.swift */; };
		09DF92BE21BEAB3A00C0A87D /* InitialVC.swift in Sources */ = {isa = PBXBuildFile; fileRef = 09DF92BD21BEAB3A00C0A87D /* InitialVC.swift */; };
		09E91DFE21B731070097E2A7 /* MenuVC.swift in Sources */ = {isa = PBXBuildFile; fileRef = 09E91DFD21B731070097E2A7 /* MenuVC.swift */; };
		09EC90B221A1651F0091450F /* MapVC.swift in Sources */ = {isa = PBXBuildFile; fileRef = 09EC90B121A1651F0091450F /* MapVC.swift */; };
		09F046E221AC0D1F00E766B1 /* Place+json.swift in Sources */ = {isa = PBXBuildFile; fileRef = 09F046E121AC0D1F00E766B1 /* Place+json.swift */; };
/* End PBXBuildFile section */

/* Begin PBXFileReference section */
		090D923D21A5C2D800F92021 /* NewVC.swift */ = {isa = PBXFileReference; lastKnownFileType = sourcecode.swift; path = NewVC.swift; sourceTree = "<group>"; };
		0915F658219DCDB300EE640E /* EditVC.swift */ = {isa = PBXFileReference; lastKnownFileType = sourcecode.swift; path = EditVC.swift; sourceTree = "<group>"; };
		092E220F21998992008579CA /* Place.swift */ = {isa = PBXFileReference; lastKnownFileType = sourcecode.swift; path = Place.swift; sourceTree = "<group>"; };
		092E221121998E67008579CA /* PlaceManager.swift */ = {isa = PBXFileReference; lastKnownFileType = sourcecode.swift; path = PlaceManager.swift; sourceTree = "<group>"; };
		092E221521999652008579CA /* DetailVC.swift */ = {isa = PBXFileReference; lastKnownFileType = sourcecode.swift; path = DetailVC.swift; sourceTree = "<group>"; };
		092E2217219996CE008579CA /* TableVC.swift */ = {isa = PBXFileReference; lastKnownFileType = sourcecode.swift; path = TableVC.swift; sourceTree = "<group>"; };
		095945BE2199CB2300A414F7 /* PlaceCell.swift */ = {isa = PBXFileReference; lastKnownFileType = sourcecode.swift; path = PlaceCell.swift; sourceTree = "<group>"; };
		098358E2219833C100503202 /* MyWorld.app */ = {isa = PBXFileReference; explicitFileType = wrapper.application; includeInIndex = 0; path = MyWorld.app; sourceTree = BUILT_PRODUCTS_DIR; };
		098358E5219833C100503202 /* AppDelegate.swift */ = {isa = PBXFileReference; lastKnownFileType = sourcecode.swift; path = AppDelegate.swift; sourceTree = "<group>"; };
		098358EA219833C100503202 /* Base */ = {isa = PBXFileReference; lastKnownFileType = file.storyboard; name = Base; path = Base.lproj/Main.storyboard; sourceTree = "<group>"; };
		098358ED219833C100503202 /* MyWorld.xcdatamodel */ = {isa = PBXFileReference; lastKnownFileType = wrapper.xcdatamodel; path = MyWorld.xcdatamodel; sourceTree = "<group>"; };
		098358EF219833C200503202 /* Assets.xcassets */ = {isa = PBXFileReference; lastKnownFileType = folder.assetcatalog; path = Assets.xcassets; sourceTree = "<group>"; };
		098358F2219833C200503202 /* Base */ = {isa = PBXFileReference; lastKnownFileType = file.storyboard; name = Base; path = Base.lproj/LaunchScreen.storyboard; sourceTree = "<group>"; };
		098358F4219833C200503202 /* Info.plist */ = {isa = PBXFileReference; lastKnownFileType = text.plist.xml; path = Info.plist; sourceTree = "<group>"; };
		0996BC3321B9339200587609 /* TableVC+longPress.swift */ = {isa = PBXFileReference; lastKnownFileType = sourcecode.swift; path = "TableVC+longPress.swift"; sourceTree = "<group>"; };
		09DF92BD21BEAB3A00C0A87D /* InitialVC.swift */ = {isa = PBXFileReference; lastKnownFileType = sourcecode.swift; path = InitialVC.swift; sourceTree = "<group>"; };
		09E91DFD21B731070097E2A7 /* MenuVC.swift */ = {isa = PBXFileReference; lastKnownFileType = sourcecode.swift; path = MenuVC.swift; sourceTree = "<group>"; };
		09EC90B121A1651F0091450F /* MapVC.swift */ = {isa = PBXFileReference; lastKnownFileType = sourcecode.swift; path = MapVC.swift; sourceTree = "<group>"; };
		09F046E121AC0D1F00E766B1 /* Place+json.swift */ = {isa = PBXFileReference; lastKnownFileType = sourcecode.swift; path = "Place+json.swift"; sourceTree = "<group>"; };
/* End PBXFileReference section */

/* Begin PBXFrameworksBuildPhase section */
		098358DF219833C100503202 /* Frameworks */ = {
			isa = PBXFrameworksBuildPhase;
			buildActionMask = 2147483647;
			files = (
			);
			runOnlyForDeploymentPostprocessing = 0;
		};
/* End PBXFrameworksBuildPhase section */

/* Begin PBXGroup section */
		098358D9219833C100503202 = {
			isa = PBXGroup;
			children = (
				098358E4219833C100503202 /* MyWorld */,
				098358E3219833C100503202 /* Products */,
			);
			sourceTree = "<group>";
		};
		098358E3219833C100503202 /* Products */ = {
			isa = PBXGroup;
			children = (
				098358E2219833C100503202 /* MyWorld.app */,
			);
			name = Products;
			sourceTree = "<group>";
		};
		098358E4219833C100503202 /* MyWorld */ = {
			isa = PBXGroup;
			children = (
				098358E9219833C100503202 /* Main.storyboard */,
				09DF92BD21BEAB3A00C0A87D /* InitialVC.swift */,
				09E91DFD21B731070097E2A7 /* MenuVC.swift */,
				092E2217219996CE008579CA /* TableVC.swift */,
				0996BC3321B9339200587609 /* TableVC+longPress.swift */,
				092E221521999652008579CA /* DetailVC.swift */,
				0915F658219DCDB300EE640E /* EditVC.swift */,
				090D923D21A5C2D800F92021 /* NewVC.swift */,
				09EC90B121A1651F0091450F /* MapVC.swift */,
				098358EF219833C200503202 /* Assets.xcassets */,
				092E220F21998992008579CA /* Place.swift */,
				09F046E121AC0D1F00E766B1 /* Place+json.swift */,
				092E221121998E67008579CA /* PlaceManager.swift */,
				095945BE2199CB2300A414F7 /* PlaceCell.swift */,
				098358E5219833C100503202 /* AppDelegate.swift */,
				098358F1219833C200503202 /* LaunchScreen.storyboard */,
				098358F4219833C200503202 /* Info.plist */,
				098358EC219833C100503202 /* MyWorld.xcdatamodeld */,
			);
			path = MyWorld;
			sourceTree = "<group>";
		};
/* End PBXGroup section */

/* Begin PBXNativeTarget section */
		098358E1219833C100503202 /* MyWorld */ = {
			isa = PBXNativeTarget;
			buildConfigurationList = 098358F7219833C200503202 /* Build configuration list for PBXNativeTarget "MyWorld" */;
			buildPhases = (
				098358DE219833C100503202 /* Sources */,
				098358DF219833C100503202 /* Frameworks */,
				098358E0219833C100503202 /* Resources */,
			);
			buildRules = (
			);
			dependencies = (
			);
			name = MyWorld;
			productName = MyWorld;
			productReference = 098358E2219833C100503202 /* MyWorld.app */;
			productType = "com.apple.product-type.application";
		};
/* End PBXNativeTarget section */

/* Begin PBXProject section */
		098358DA219833C100503202 /* Project object */ = {
			isa = PBXProject;
			attributes = {
				LastSwiftUpdateCheck = 1010;
				LastUpgradeCheck = 1010;
				ORGANIZATIONNAME = user143594;
				TargetAttributes = {
					098358E1219833C100503202 = {
						CreatedOnToolsVersion = 10.1;
					};
				};
			};
			buildConfigurationList = 098358DD219833C100503202 /* Build configuration list for PBXProject "MyWorld" */;
			compatibilityVersion = "Xcode 9.3";
			developmentRegion = en;
			hasScannedForEncodings = 0;
			knownRegions = (
				en,
				Base,
			);
			mainGroup = 098358D9219833C100503202;
			productRefGroup = 098358E3219833C100503202 /* Products */;
			projectDirPath = "";
			projectRoot = "";
			targets = (
				098358E1219833C100503202 /* MyWorld */,
			);
		};
/* End PBXProject section */

/* Begin PBXResourcesBuildPhase section */
		098358E0219833C100503202 /* Resources */ = {
			isa = PBXResourcesBuildPhase;
			buildActionMask = 2147483647;
			files = (
				098358F3219833C200503202 /* LaunchScreen.storyboard in Resources */,
				098358F0219833C200503202 /* Assets.xcassets in Resources */,
				098358EB219833C100503202 /* Main.storyboard in Resources */,
			);
			runOnlyForDeploymentPostprocessing = 0;
		};
/* End PBXResourcesBuildPhase section */

/* Begin PBXSourcesBuildPhase section */
		098358DE219833C100503202 /* Sources */ = {
			isa = PBXSourcesBuildPhase;
			buildActionMask = 2147483647;
			files = (
				092E221621999652008579CA /* DetailVC.swift in Sources */,
				0915F659219DCDB300EE640E /* EditVC.swift in Sources */,
				098358E6219833C100503202 /* AppDelegate.swift in Sources */,
				09E91DFE21B731070097E2A7 /* MenuVC.swift in Sources */,
				090D923E21A5C2D800F92021 /* NewVC.swift in Sources */,
				095945BF2199CB2300A414F7 /* PlaceCell.swift in Sources */,
				09F046E221AC0D1F00E766B1 /* Place+json.swift in Sources */,
				09EC90B221A1651F0091450F /* MapVC.swift in Sources */,
				0996BC3421B9339200587609 /* TableVC+longPress.swift in Sources */,
				098358EE219833C100503202 /* MyWorld.xcdatamodeld in Sources */,
				092E2218219996CE008579CA /* TableVC.swift in Sources */,
				09DF92BE21BEAB3A00C0A87D /* InitialVC.swift in Sources */,
				092E221021998992008579CA /* Place.swift in Sources */,
				092E221221998E67008579CA /* PlaceManager.swift in Sources */,
			);
			runOnlyForDeploymentPostprocessing = 0;
		};
/* End PBXSourcesBuildPhase section */

/* Begin PBXVariantGroup section */
		098358E9219833C100503202 /* Main.storyboard */ = {
			isa = PBXVariantGroup;
			children = (
				098358EA219833C100503202 /* Base */,
			);
			name = Main.storyboard;
			sourceTree = "<group>";
		};
		098358F1219833C200503202 /* LaunchScreen.storyboard */ = {
			isa = PBXVariantGroup;
			children = (
				098358F2219833C200503202 /* Base */,
			);
			name = LaunchScreen.storyboard;
			sourceTree = "<group>";
		};
/* End PBXVariantGroup section */

/* Begin XCBuildConfiguration section */
		098358F5219833C200503202 /* Debug */ = {
			isa = XCBuildConfiguration;
			buildSettings = {
				ALWAYS_SEARCH_USER_PATHS = NO;
				CLANG_ANALYZER_NONNULL = YES;
				CLANG_ANALYZER_NUMBER_OBJECT_CONVERSION = YES_AGGRESSIVE;
				CLANG_CXX_LANGUAGE_STANDARD = "gnu++14";
				CLANG_CXX_LIBRARY = "libc++";
				CLANG_ENABLE_MODULES = YES;
				CLANG_ENABLE_OBJC_ARC = YES;
				CLANG_ENABLE_OBJC_WEAK = YES;
				CLANG_WARN_BLOCK_CAPTURE_AUTORELEASING = YES;
				CLANG_WARN_BOOL_CONVERSION = YES;
				CLANG_WARN_COMMA = YES;
				CLANG_WARN_CONSTANT_CONVERSION = YES;
				CLANG_WARN_DEPRECATED_OBJC_IMPLEMENTATIONS = YES;
				CLANG_WARN_DIRECT_OBJC_ISA_USAGE = YES_ERROR;
				CLANG_WARN_DOCUMENTATION_COMMENTS = YES;
				CLANG_WARN_EMPTY_BODY = YES;
				CLANG_WARN_ENUM_CONVERSION = YES;
				CLANG_WARN_INFINITE_RECURSION = YES;
				CLANG_WARN_INT_CONVERSION = YES;
				CLANG_WARN_NON_LITERAL_NULL_CONVERSION = YES;
				CLANG_WARN_OBJC_IMPLICIT_RETAIN_SELF = YES;
				CLANG_WARN_OBJC_LITERAL_CONVERSION = YES;
				CLANG_WARN_OBJC_ROOT_CLASS = YES_ERROR;
				CLANG_WARN_RANGE_LOOP_ANALYSIS = YES;
				CLANG_WARN_STRICT_PROTOTYPES = YES;
				CLANG_WARN_SUSPICIOUS_MOVE = YES;
				CLANG_WARN_UNGUARDED_AVAILABILITY = YES_AGGRESSIVE;
				CLANG_WARN_UNREACHABLE_CODE = YES;
				CLANG_WARN__DUPLICATE_METHOD_MATCH = YES;
				CODE_SIGN_IDENTITY = "iPhone Developer";
				COPY_PHASE_STRIP = NO;
				DEBUG_INFORMATION_FORMAT = dwarf;
				ENABLE_STRICT_OBJC_MSGSEND = YES;
				ENABLE_TESTABILITY = YES;
				GCC_C_LANGUAGE_STANDARD = gnu11;
				GCC_DYNAMIC_NO_PIC = NO;
				GCC_NO_COMMON_BLOCKS = YES;
				GCC_OPTIMIZATION_LEVEL = 0;
				GCC_PREPROCESSOR_DEFINITIONS = (
					"DEBUG=1",
					"$(inherited)",
				);
				GCC_WARN_64_TO_32_BIT_CONVERSION = YES;
				GCC_WARN_ABOUT_RETURN_TYPE = YES_ERROR;
				GCC_WARN_UNDECLARED_SELECTOR = YES;
				GCC_WARN_UNINITIALIZED_AUTOS = YES_AGGRESSIVE;
				GCC_WARN_UNUSED_FUNCTION = YES;
				GCC_WARN_UNUSED_VARIABLE = YES;
				IPHONEOS_DEPLOYMENT_TARGET = 12.1;
				MTL_ENABLE_DEBUG_INFO = INCLUDE_SOURCE;
				MTL_FAST_MATH = YES;
				ONLY_ACTIVE_ARCH = YES;
				SDKROOT = iphoneos;
				SWIFT_ACTIVE_COMPILATION_CONDITIONS = DEBUG;
				SWIFT_OPTIMIZATION_LEVEL = "-Onone";
			};
			name = Debug;
		};
		098358F6219833C200503202 /* Release */ = {
			isa = XCBuildConfiguration;
			buildSettings = {
				ALWAYS_SEARCH_USER_PATHS = NO;
				CLANG_ANALYZER_NONNULL = YES;
				CLANG_ANALYZER_NUMBER_OBJECT_CONVERSION = YES_AGGRESSIVE;
				CLANG_CXX_LANGUAGE_STANDARD = "gnu++14";
				CLANG_CXX_LIBRARY = "libc++";
				CLANG_ENABLE_MODULES = YES;
				CLANG_ENABLE_OBJC_ARC = YES;
				CLANG_ENABLE_OBJC_WEAK = YES;
				CLANG_WARN_BLOCK_CAPTURE_AUTORELEASING = YES;
				CLANG_WARN_BOOL_CONVERSION = YES;
				CLANG_WARN_COMMA = YES;
				CLANG_WARN_CONSTANT_CONVERSION = YES;
				CLANG_WARN_DEPRECATED_OBJC_IMPLEMENTATIONS = YES;
				CLANG_WARN_DIRECT_OBJC_ISA_USAGE = YES_ERROR;
				CLANG_WARN_DOCUMENTATION_COMMENTS = YES;
				CLANG_WARN_EMPTY_BODY = YES;
				CLANG_WARN_ENUM_CONVERSION = YES;
				CLANG_WARN_INFINITE_RECURSION = YES;
				CLANG_WARN_INT_CONVERSION = YES;
				CLANG_WARN_NON_LITERAL_NULL_CONVERSION = YES;
				CLANG_WARN_OBJC_IMPLICIT_RETAIN_SELF = YES;
				CLANG_WARN_OBJC_LITERAL_CONVERSION = YES;
				CLANG_WARN_OBJC_ROOT_CLASS = YES_ERROR;
				CLANG_WARN_RANGE_LOOP_ANALYSIS = YES;
				CLANG_WARN_STRICT_PROTOTYPES = YES;
				CLANG_WARN_SUSPICIOUS_MOVE = YES;
				CLANG_WARN_UNGUARDED_AVAILABILITY = YES_AGGRESSIVE;
				CLANG_WARN_UNREACHABLE_CODE = YES;
				CLANG_WARN__DUPLICATE_METHOD_MATCH = YES;
				CODE_SIGN_IDENTITY = "iPhone Developer";
				COPY_PHASE_STRIP = NO;
				DEBUG_INFORMATION_FORMAT = "dwarf-with-dsym";
				ENABLE_NS_ASSERTIONS = NO;
				ENABLE_STRICT_OBJC_MSGSEND = YES;
				GCC_C_LANGUAGE_STANDARD = gnu11;
				GCC_NO_COMMON_BLOCKS = YES;
				GCC_WARN_64_TO_32_BIT_CONVERSION = YES;
				GCC_WARN_ABOUT_RETURN_TYPE = YES_ERROR;
				GCC_WARN_UNDECLARED_SELECTOR = YES;
				GCC_WARN_UNINITIALIZED_AUTOS = YES_AGGRESSIVE;
				GCC_WARN_UNUSED_FUNCTION = YES;
				GCC_WARN_UNUSED_VARIABLE = YES;
				IPHONEOS_DEPLOYMENT_TARGET = 12.1;
				MTL_ENABLE_DEBUG_INFO = NO;
				MTL_FAST_MATH = YES;
				SDKROOT = iphoneos;
				SWIFT_COMPILATION_MODE = wholemodule;
				SWIFT_OPTIMIZATION_LEVEL = "-O";
				VALIDATE_PRODUCT = YES;
			};
			name = Release;
		};
		098358F8219833C200503202 /* Debug */ = {
			isa = XCBuildConfiguration;
			buildSettings = {
				ASSETCATALOG_COMPILER_APPICON_NAME = AppIcon;
				CODE_SIGN_STYLE = Automatic;
				INFOPLIST_FILE = MyWorld/Info.plist;
				LD_RUNPATH_SEARCH_PATHS = (
					"$(inherited)",
					"@executable_path/Frameworks",
				);
				PRODUCT_BUNDLE_IDENTIFIER = UOC.MyWorld;
				PRODUCT_NAME = "$(TARGET_NAME)";
				SWIFT_VERSION = 4.2;
				TARGETED_DEVICE_FAMILY = "1,2";
			};
			name = Debug;
		};
		098358F9219833C200503202 /* Release */ = {
			isa = XCBuildConfiguration;
			buildSettings = {
				ASSETCATALOG_COMPILER_APPICON_NAME = AppIcon;
				CODE_SIGN_STYLE = Automatic;
				INFOPLIST_FILE = MyWorld/Info.plist;
				LD_RUNPATH_SEARCH_PATHS = (
					"$(inherited)",
					"@executable_path/Frameworks",
				);
				PRODUCT_BUNDLE_IDENTIFIER = UOC.MyWorld;
				PRODUCT_NAME = "$(TARGET_NAME)";
				SWIFT_VERSION = 4.2;
				TARGETED_DEVICE_FAMILY = "1,2";
			};
			name = Release;
		};
/* End XCBuildConfiguration section */

/* Begin XCConfigurationList section */
		098358DD219833C100503202 /* Build configuration list for PBXProject "MyWorld" */ = {
			isa = XCConfigurationList;
			buildConfigurations = (
				098358F5219833C200503202 /* Debug */,
				098358F6219833C200503202 /* Release */,
			);
			defaultConfigurationIsVisible = 0;
			defaultConfigurationName = Release;
		};
		098358F7219833C200503202 /* Build configuration list for PBXNativeTarget "MyWorld" */ = {
			isa = XCConfigurationList;
			buildConfigurations = (
				098358F8219833C200503202 /* Debug */,
				098358F9219833C200503202 /* Release */,
			);
			defaultConfigurationIsVisible = 0;
			defaultConfigurationName = Release;
		};
/* End XCConfigurationList section */

/* Begin XCVersionGroup section */
		098358EC219833C100503202 /* MyWorld.xcdatamodeld */ = {
			isa = XCVersionGroup;
			children = (
				098358ED219833C100503202 /* MyWorld.xcdatamodel */,
			);
			currentVersion = 098358ED219833C100503202 /* MyWorld.xcdatamodel */;
			path = MyWorld.xcdatamodeld;
			sourceTree = "<group>";
			versionGroupType = wrapper.xcdatamodel;
		};
/* End XCVersionGroup section */
	};
	rootObject = 098358DA219833C100503202 /* Project object */;
}
